
Microsoft Visual Studio Solution File, Format Version 12.00
# Visual Studio Version 17
VisualStudioVersion = 17.3.32922.545
MinimumVisualStudioVersion = 10.0.40219.1
Project("{FAE04EC0-301F-11D3-BF4B-00C04F79EFBC}") = "RestaurantManagement(basic)", "RestaurantManagement(small)\RestaurantManagement(basic).csproj", "{94E4C1D6-1036-4B77-9EBB-8E745C018F71}"
EndProject
Global
	GlobalSection(SolutionConfigurationPlatforms) = preSolution
		Debug|Any CPU = Debug|Any CPU
		Release|Any CPU = Release|Any CPU
	EndGlobalSection
	GlobalSection(ProjectConfigurationPlatforms) = postSolution
		{94E4C1D6-1036-4B77-9EBB-8E745C018F71}.Debug|Any CPU.ActiveCfg = Debug|Any CPU
		{94E4C1D6-1036-4B77-9EBB-8E745C018F71}.Debug|Any CPU.Build.0 = Debug|Any CPU
		{94E4C1D6-1036-4B77-9EBB-8E745C018F71}.Release|Any CPU.ActiveCfg = Release|Any CPU
		{94E4C1D6-1036-4B77-9EBB-8E745C018F71}.Release|Any CPU.Build.0 = Release|Any CPU
	EndGlobalSection
	GlobalSection(SolutionProperties) = preSolution
		HideSolutionNode = FALSE
	EndGlobalSection
	GlobalSection(ExtensibilityGlobals) = postSolution
		SolutionGuid = {1188ABFD-149B-4F6A-81C4-B0334D2D9A9A}
	EndGlobalSection
EndGlobal
